
Microsoft Visual Studio Solution File, Format Version 12.00
# Visual Studio 2013
VisualStudioVersion = 12.0.21005.1
MinimumVisualStudioVersion = 10.0.40219.1
Project("{FAE04EC0-301F-11D3-BF4B-00C04F79EFBC}") = "Kuyam.WebUI", "Kuyam.WebUI\Kuyam.WebUI.csproj", "{33C7BC95-5AD4-4E7E-A13C-8C7A931BFDE7}"
EndProject
Project("{FAE04EC0-301F-11D3-BF4B-00C04F79EFBC}") = "Kuyam.Domain", "Kuyam.Domain\Kuyam.Domain.csproj", "{7B8143B6-FAB7-4CD0-AD14-3EBD176EAF12}"
EndProject
Project("{FAE04EC0-301F-11D3-BF4B-00C04F79EFBC}") = "Kuyam.Database", "Kuyam.Database\Kuyam.Database.csproj", "{FF11EF49-0C5A-4746-B566-D7ED68E4BBAE}"
EndProject
Project("{FAE04EC0-301F-11D3-BF4B-00C04F79EFBC}") = "Kuyam.Repository", "Kuyam.Repository\Kuyam.Repository.csproj", "{A21A4AC4-88A9-4337-8AAF-071629D7FA13}"
EndProject
Project("{FAE04EC0-301F-11D3-BF4B-00C04F79EFBC}") = "Kuyam.Utility", "Kuyam.Utility\Kuyam.Utility.csproj", "{D92D0E86-F4F9-4B82-B5C5-E4C62E87D730}"
EndProject
Global
	GlobalSection(SolutionConfigurationPlatforms) = preSolution
		Debug|Any CPU = Debug|Any CPU
		DevLocal|Any CPU = DevLocal|Any CPU
		Production|Any CPU = Production|Any CPU
		Release|Any CPU = Release|Any CPU
		WasatchDev|Any CPU = WasatchDev|Any CPU
	EndGlobalSection
	GlobalSection(ProjectConfigurationPlatforms) = postSolution
		{33C7BC95-5AD4-4E7E-A13C-8C7A931BFDE7}.Debug|Any CPU.ActiveCfg = Debug|Any CPU
		{33C7BC95-5AD4-4E7E-A13C-8C7A931BFDE7}.Debug|Any CPU.Build.0 = Debug|Any CPU
		{33C7BC95-5AD4-4E7E-A13C-8C7A931BFDE7}.DevLocal|Any CPU.ActiveCfg = Debug|Any CPU
		{33C7BC95-5AD4-4E7E-A13C-8C7A931BFDE7}.DevLocal|Any CPU.Build.0 = Debug|Any CPU
		{33C7BC95-5AD4-4E7E-A13C-8C7A931BFDE7}.Production|Any CPU.ActiveCfg = Release|Any CPU
		{33C7BC95-5AD4-4E7E-A13C-8C7A931BFDE7}.Production|Any CPU.Build.0 = Release|Any CPU
		{33C7BC95-5AD4-4E7E-A13C-8C7A931BFDE7}.Release|Any CPU.ActiveCfg = Release|Any CPU
		{33C7BC95-5AD4-4E7E-A13C-8C7A931BFDE7}.Release|Any CPU.Build.0 = Release|Any CPU
		{33C7BC95-5AD4-4E7E-A13C-8C7A931BFDE7}.WasatchDev|Any CPU.ActiveCfg = Release|Any CPU
		{33C7BC95-5AD4-4E7E-A13C-8C7A931BFDE7}.WasatchDev|Any CPU.Build.0 = Release|Any CPU
		{7B8143B6-FAB7-4CD0-AD14-3EBD176EAF12}.Debug|Any CPU.ActiveCfg = Debug|Any CPU
		{7B8143B6-FAB7-4CD0-AD14-3EBD176EAF12}.Debug|Any CPU.Build.0 = Debug|Any CPU
		{7B8143B6-FAB7-4CD0-AD14-3EBD176EAF12}.DevLocal|Any CPU.ActiveCfg = Debug|Any CPU
		{7B8143B6-FAB7-4CD0-AD14-3EBD176EAF12}.DevLocal|Any CPU.Build.0 = Debug|Any CPU
		{7B8143B6-FAB7-4CD0-AD14-3EBD176EAF12}.Production|Any CPU.ActiveCfg = Production|Any CPU
		{7B8143B6-FAB7-4CD0-AD14-3EBD176EAF12}.Production|Any CPU.Build.0 = Production|Any CPU
		{7B8143B6-FAB7-4CD0-AD14-3EBD176EAF12}.Release|Any CPU.ActiveCfg = Release|Any CPU
		{7B8143B6-FAB7-4CD0-AD14-3EBD176EAF12}.Release|Any CPU.Build.0 = Release|Any CPU
		{7B8143B6-FAB7-4CD0-AD14-3EBD176EAF12}.WasatchDev|Any CPU.ActiveCfg = Production|Any CPU
		{7B8143B6-FAB7-4CD0-AD14-3EBD176EAF12}.WasatchDev|Any CPU.Build.0 = Production|Any CPU
		{FF11EF49-0C5A-4746-B566-D7ED68E4BBAE}.Debug|Any CPU.ActiveCfg = Debug|Any CPU
		{FF11EF49-0C5A-4746-B566-D7ED68E4BBAE}.Debug|Any CPU.Build.0 = Debug|Any CPU
		{FF11EF49-0C5A-4746-B566-D7ED68E4BBAE}.DevLocal|Any CPU.ActiveCfg = Debug|Any CPU
		{FF11EF49-0C5A-4746-B566-D7ED68E4BBAE}.DevLocal|Any CPU.Build.0 = Debug|Any CPU
		{FF11EF49-0C5A-4746-B566-D7ED68E4BBAE}.Production|Any CPU.ActiveCfg = Production|Any CPU
		{FF11EF49-0C5A-4746-B566-D7ED68E4BBAE}.Production|Any CPU.Build.0 = Production|Any CPU
		{FF11EF49-0C5A-4746-B566-D7ED68E4BBAE}.Release|Any CPU.ActiveCfg = Release|Any CPU
		{FF11EF49-0C5A-4746-B566-D7ED68E4BBAE}.Release|Any CPU.Build.0 = Release|Any CPU
		{FF11EF49-0C5A-4746-B566-D7ED68E4BBAE}.WasatchDev|Any CPU.ActiveCfg = Production|Any CPU
		{FF11EF49-0C5A-4746-B566-D7ED68E4BBAE}.WasatchDev|Any CPU.Build.0 = Production|Any CPU
		{A21A4AC4-88A9-4337-8AAF-071629D7FA13}.Debug|Any CPU.ActiveCfg = Debug|Any CPU
		{A21A4AC4-88A9-4337-8AAF-071629D7FA13}.Debug|Any CPU.Build.0 = Debug|Any CPU
		{A21A4AC4-88A9-4337-8AAF-071629D7FA13}.DevLocal|Any CPU.ActiveCfg = Debug|Any CPU
		{A21A4AC4-88A9-4337-8AAF-071629D7FA13}.DevLocal|Any CPU.Build.0 = Debug|Any CPU
		{A21A4AC4-88A9-4337-8AAF-071629D7FA13}.Production|Any CPU.ActiveCfg = Release|Any CPU
		{A21A4AC4-88A9-4337-8AAF-071629D7FA13}.Production|Any CPU.Build.0 = Release|Any CPU
		{A21A4AC4-88A9-4337-8AAF-071629D7FA13}.Release|Any CPU.ActiveCfg = Release|Any CPU
		{A21A4AC4-88A9-4337-8AAF-071629D7FA13}.Release|Any CPU.Build.0 = Release|Any CPU
		{A21A4AC4-88A9-4337-8AAF-071629D7FA13}.WasatchDev|Any CPU.ActiveCfg = Release|Any CPU
		{A21A4AC4-88A9-4337-8AAF-071629D7FA13}.WasatchDev|Any CPU.Build.0 = Release|Any CPU
		{D92D0E86-F4F9-4B82-B5C5-E4C62E87D730}.Debug|Any CPU.ActiveCfg = Debug|Any CPU
		{D92D0E86-F4F9-4B82-B5C5-E4C62E87D730}.Debug|Any CPU.Build.0 = Debug|Any CPU
		{D92D0E86-F4F9-4B82-B5C5-E4C62E87D730}.DevLocal|Any CPU.ActiveCfg = Debug|Any CPU
		{D92D0E86-F4F9-4B82-B5C5-E4C62E87D730}.DevLocal|Any CPU.Build.0 = Debug|Any CPU
		{D92D0E86-F4F9-4B82-B5C5-E4C62E87D730}.Production|Any CPU.ActiveCfg = Release|Any CPU
		{D92D0E86-F4F9-4B82-B5C5-E4C62E87D730}.Production|Any CPU.Build.0 = Release|Any CPU
		{D92D0E86-F4F9-4B82-B5C5-E4C62E87D730}.Release|Any CPU.ActiveCfg = Release|Any CPU
		{D92D0E86-F4F9-4B82-B5C5-E4C62E87D730}.Release|Any CPU.Build.0 = Release|Any CPU
		{D92D0E86-F4F9-4B82-B5C5-E4C62E87D730}.WasatchDev|Any CPU.ActiveCfg = Release|Any CPU
		{D92D0E86-F4F9-4B82-B5C5-E4C62E87D730}.WasatchDev|Any CPU.Build.0 = Release|Any CPU
	EndGlobalSection
	GlobalSection(SolutionProperties) = preSolution
		HideSolutionNode = FALSE
	EndGlobalSection
EndGlobal
